#MicroXplorer Configuration settings - do not modify
Mcu.Family=STM32L0
RCC.MSI_VALUE=2097000
ProjectManager.MainLocation=Core/Src
RCC.USART1Freq_Value=32000000
ProjectManager.ProjectFileName=Dht22test.ioc
RCC.48USBFreq_Value=32000000
ProjectManager.KeepUserCode=true
Mcu.UserName=STM32L072CZTx
Mcu.PinsNb=5
ProjectManager.NoMain=false
RCC.LPUARTFreq_Value=32000000
RCC.PLLCLKFreq_Value=32000000
ProjectManager.functionlistsort=1-MX_GPIO_Init-GPIO-false-HAL-true,2-SystemClock_Config-RCC-false-HAL-false,3-MX_TIM6_Init-TIM6-false-HAL-true
TIM6.Prescaler=32-1
VP_TIM6_VS_ClockSourceINT.Mode=Enable_Timer
RCC.RTCFreq_Value=37000
ProjectManager.DefaultFWLocation=true
RCC.USART2Freq_Value=32000000
NVIC.SVC_IRQn=true\:0\:0\:false\:false\:true\:false\:false
ProjectManager.DeletePrevious=true
RCC.TimerFreq_Value=32000000
RCC.48CLKFreq_Value=32000000
PinOutPanel.RotationAngle=0
RCC.FamilyName=M
RCC.SYSCLKSource=RCC_SYSCLKSOURCE_PLLCLK
ProjectManager.StackSize=0x400
RCC.WatchDogFreq_Value=37000
VP_TIM6_VS_ClockSourceINT.Signal=TIM6_VS_ClockSourceINT
RCC.I2C3Freq_Value=32000000
PA13.Signal=SYS_SWDIO
RCC.HSI16_VALUE=16000000
RCC.FCLKCortexFreq_Value=32000000
Mcu.IP2=SYS
Mcu.IP3=TIM6
Mcu.IP0=NVIC
Mcu.IP1=RCC
TIM6.IPParameters=Prescaler
Mcu.UserConstants=
ProjectManager.TargetToolchain=STM32CubeIDE
Mcu.ThirdPartyNb=0
RCC.HCLKFreq_Value=32000000
Mcu.IPNb=4
ProjectManager.PreviousToolchain=
RCC.APB2TimFreq_Value=32000000
ProjectManager.RegisterCallBack=
RCC.LSE_VALUE=32768
RCC.AHBFreq_Value=32000000
Mcu.Pin0=PA10
Mcu.Pin1=PA13
Mcu.Pin2=PA14
Mcu.Pin3=VP_SYS_VS_Systick
Mcu.Pin4=VP_TIM6_VS_ClockSourceINT
ProjectManager.ProjectBuild=false
RCC.HSE_VALUE=8000000
RCC.MCOPinFreq_Value=32000000
board=custom
RCC.VCOOutputFreq_Value=64000000
NVIC.SysTick_IRQn=true\:0\:0\:false\:false\:true\:false\:true
ProjectManager.LastFirmware=true
RCC.PLLMUL=RCC_PLLMUL_4
ProjectManager.FirmwarePackage=STM32Cube FW_L0 V1.12.0
MxDb.Version=DB.6.0.21
RCC.APB2Freq_Value=32000000
ProjectManager.BackupPrevious=false
MxCube.Version=6.2.1
RCC.I2C1Freq_Value=32000000
PA14.Mode=Serial_Wire
File.Version=6
VP_SYS_VS_Systick.Mode=SysTick
PA10.GPIO_Label=DATA
PA10.GPIOParameters=GPIO_Label
NVIC.NonMaskableInt_IRQn=true\:0\:0\:false\:false\:true\:false\:false
NVIC.PendSV_IRQn=true\:0\:0\:false\:false\:true\:false\:false
PA13.Mode=Serial_Wire
ProjectManager.FreePins=false
RCC.IPParameters=48CLKFreq_Value,48RNGFreq_Value,48USBFreq_Value,AHBFreq_Value,APB1Freq_Value,APB1TimFreq_Value,APB2Freq_Value,APB2TimFreq_Value,FCLKCortexFreq_Value,FamilyName,HCLKFreq_Value,HSE_VALUE,HSI16_VALUE,HSI48_VALUE,HSI_VALUE,I2C1Freq_Value,I2C3Freq_Value,LPTIMFreq_Value,LPUARTFreq_Value,LSE_VALUE,LSI_VALUE,MCOPinFreq_Value,MSI_VALUE,PLLCLKFreq_Value,PLLMUL,PWRFreq_Value,RTCFreq_Value,RTCHSEDivFreq_Value,SYSCLKFreq_VALUE,SYSCLKSource,TIMFreq_Value,TimerFreq_Value,USART1Freq_Value,USART2Freq_Value,VCOOutputFreq_Value,WatchDogFreq_Value
ProjectManager.AskForMigrate=true
Mcu.Name=STM32L072C(B-Z)Tx
ProjectManager.HalAssertFull=false
RCC.RTCHSEDivFreq_Value=4000000
ProjectManager.ProjectName=Dht22test
ProjectManager.UnderRoot=true
ProjectManager.CoupleFile=true
RCC.SYSCLKFreq_VALUE=32000000
Mcu.Package=LQFP48
PA10.Locked=true
NVIC.ForceEnableDMAVector=true
KeepUserPlacement=false
ProjectManager.CompilerOptimize=6
ProjectManager.ToolChainLocation=
RCC.LSI_VALUE=37000
VP_SYS_VS_Systick.Signal=SYS_VS_Systick
PA10.Signal=GPIO_Output
PA14.Signal=SYS_SWCLK
ProjectManager.HeapSize=0x200
NVIC.HardFault_IRQn=true\:0\:0\:false\:false\:true\:false\:false
ProjectManager.ComputerToolchain=false
RCC.HSI_VALUE=16000000
RCC.APB1TimFreq_Value=32000000
RCC.PWRFreq_Value=32000000
RCC.48RNGFreq_Value=32000000
RCC.APB1Freq_Value=32000000
ProjectManager.CustomerFirmwarePackage=
ProjectManager.DeviceId=STM32L072CZTx
ProjectManager.LibraryCopy=1
RCC.LPTIMFreq_Value=32000000
RCC.HSI48_VALUE=48000000
RCC.TIMFreq_Value=32000000
isbadioc=false
